
Microsoft Visual Studio Solution File, Format Version 12.00
# Visual Studio Version 16
VisualStudioVersion = 16.0.29728.190
MinimumVisualStudioVersion = 10.0.40219.1
Project("{FAE04EC0-301F-11D3-BF4B-00C04F79EFBC}") = "ArrayTwoSides", "ArrayTwoSides\ArrayTwoSides.csproj", "{5D50CD5D-78C4-467F-9AC4-743AC500E55E}"
EndProject
Global
	GlobalSection(SolutionConfigurationPlatforms) = preSolution
		Debug|Any CPU = Debug|Any CPU
		Release|Any CPU = Release|Any CPU
	EndGlobalSection
	GlobalSection(ProjectConfigurationPlatforms) = postSolution
		{5D50CD5D-78C4-467F-9AC4-743AC500E55E}.Debug|Any CPU.ActiveCfg = Debug|Any CPU
		{5D50CD5D-78C4-467F-9AC4-743AC500E55E}.Debug|Any CPU.Build.0 = Debug|Any CPU
		{5D50CD5D-78C4-467F-9AC4-743AC500E55E}.Release|Any CPU.ActiveCfg = Release|Any CPU
		{5D50CD5D-78C4-467F-9AC4-743AC500E55E}.Release|Any CPU.Build.0 = Release|Any CPU
	EndGlobalSection
	GlobalSection(SolutionProperties) = preSolution
		HideSolutionNode = FALSE
	EndGlobalSection
	GlobalSection(ExtensibilityGlobals) = postSolution
		SolutionGuid = {0BF0289E-A49D-4B63-AF4D-EA63CF40D156}
	EndGlobalSection
EndGlobal
